// !$*UTF8*$!
{
	archiveVersion = 1;
	classes = {
	};
	objectVersion = 56;
	objects = {

/* Begin PBXBuildFile section */
		08FB1672D4E902CC794E2BD2 /* Pods_nimble_assignment_nimble_assignmentUITests.framework in Frameworks */ = {isa = PBXBuildFile; fileRef = BB28F447170009ED31ACA81A /* Pods_nimble_assignment_nimble_assignmentUITests.framework */; };
		3F81527DFFFDE09E9475A8D6 /* Pods_nimble_assignment.framework in Frameworks */ = {isa = PBXBuildFile; fileRef = DFBEAAB14FA646422B9836D7 /* Pods_nimble_assignment.framework */; };
		4E014DBE2B393159005DFF65 /* Constants.swift in Sources */ = {isa = PBXBuildFile; fileRef = 4E014DBD2B393159005DFF65 /* Constants.swift */; };
		4E014DC22B39331D005DFF65 /* AuthenicationRepository.swift in Sources */ = {isa = PBXBuildFile; fileRef = 4E014DC12B39331D005DFF65 /* AuthenicationRepository.swift */; };
		4E014DC42B39338D005DFF65 /* LoginResponse.swift in Sources */ = {isa = PBXBuildFile; fileRef = 4E014DC32B39338D005DFF65 /* LoginResponse.swift */; };
		4E014DC62B3934FE005DFF65 /* AuthenicationAttributes.swift in Sources */ = {isa = PBXBuildFile; fileRef = 4E014DC52B3934FE005DFF65 /* AuthenicationAttributes.swift */; };
		4E014DC92B393526005DFF65 /* AuthenicationRepositoryImpl.swift in Sources */ = {isa = PBXBuildFile; fileRef = 4E014DC82B393526005DFF65 /* AuthenicationRepositoryImpl.swift */; };
		4E014DCB2B393A5A005DFF65 /* AlamofireClient.swift in Sources */ = {isa = PBXBuildFile; fileRef = 4E014DCA2B393A5A005DFF65 /* AlamofireClient.swift */; };
		4E014DCD2B39ACA1005DFF65 /* CustomError.swift in Sources */ = {isa = PBXBuildFile; fileRef = 4E014DCC2B39ACA1005DFF65 /* CustomError.swift */; };
		4E014DD22B3A89B4005DFF65 /* UIViewController+Extension.swift in Sources */ = {isa = PBXBuildFile; fileRef = 4E014DD12B3A89B4005DFF65 /* UIViewController+Extension.swift */; };
		4E014DD62B3BD1D4005DFF65 /* SurveyListViewController.swift in Sources */ = {isa = PBXBuildFile; fileRef = 4E014DD52B3BD1D4005DFF65 /* SurveyListViewController.swift */; };
		4E014DD82B3BD1E0005DFF65 /* SurveyListViewModel.swift in Sources */ = {isa = PBXBuildFile; fileRef = 4E014DD72B3BD1E0005DFF65 /* SurveyListViewModel.swift */; };
		4E014DDA2B3BD630005DFF65 /* Metadata.swift in Sources */ = {isa = PBXBuildFile; fileRef = 4E014DD92B3BD630005DFF65 /* Metadata.swift */; };
		4E014DDC2B3BD657005DFF65 /* GetListSurveyResponse.swift in Sources */ = {isa = PBXBuildFile; fileRef = 4E014DDB2B3BD657005DFF65 /* GetListSurveyResponse.swift */; };
		4E014DDE2B3BD69E005DFF65 /* Survey.swift in Sources */ = {isa = PBXBuildFile; fileRef = 4E014DDD2B3BD69E005DFF65 /* Survey.swift */; };
		4E014DE02B3BD9C6005DFF65 /* BaseResponse.swift in Sources */ = {isa = PBXBuildFile; fileRef = 4E014DDF2B3BD9C6005DFF65 /* BaseResponse.swift */; };
		4E014DE32B3BDA22005DFF65 /* SurveyRepositoryImpl.swift in Sources */ = {isa = PBXBuildFile; fileRef = 4E014DE22B3BDA22005DFF65 /* SurveyRepositoryImpl.swift */; };
		4E014DE52B3BDA32005DFF65 /* SurveyRepository.swift in Sources */ = {isa = PBXBuildFile; fileRef = 4E014DE42B3BDA32005DFF65 /* SurveyRepository.swift */; };
		4E014DEA2B3BE2A2005DFF65 /* UserSessionDataStore.swift in Sources */ = {isa = PBXBuildFile; fileRef = 4E014DE92B3BE2A2005DFF65 /* UserSessionDataStore.swift */; };
		4E10377E2B3DFA8B00FCBBB8 /* TitleLabel.swift in Sources */ = {isa = PBXBuildFile; fileRef = 4E10377D2B3DFA8B00FCBBB8 /* TitleLabel.swift */; };
		4E1037802B3DFACA00FCBBB8 /* Date+Extension.swift in Sources */ = {isa = PBXBuildFile; fileRef = 4E10377F2B3DFACA00FCBBB8 /* Date+Extension.swift */; };
		4E1037822B3DFB2100FCBBB8 /* RoundedButton.swift in Sources */ = {isa = PBXBuildFile; fileRef = 4E1037812B3DFB2100FCBBB8 /* RoundedButton.swift */; };
		4E1037842B3DFB9600FCBBB8 /* DateTimeFormat.swift in Sources */ = {isa = PBXBuildFile; fileRef = 4E1037832B3DFB9600FCBBB8 /* DateTimeFormat.swift */; };
		4E1037872B3DFDF800FCBBB8 /* SurveyDetailViewController.swift in Sources */ = {isa = PBXBuildFile; fileRef = 4E1037862B3DFDF800FCBBB8 /* SurveyDetailViewController.swift */; };
		4E1037892B3DFE1900FCBBB8 /* SurveyDetailViewModel.swift in Sources */ = {isa = PBXBuildFile; fileRef = 4E1037882B3DFE1900FCBBB8 /* SurveyDetailViewModel.swift */; };
		4E10378B2B3E8D0800FCBBB8 /* LoginViewModelTests.swift in Sources */ = {isa = PBXBuildFile; fileRef = 4E10378A2B3E8D0800FCBBB8 /* LoginViewModelTests.swift */; };
		4E10378D2B3E98C000FCBBB8 /* MockAuthenicationRepository.swift in Sources */ = {isa = PBXBuildFile; fileRef = 4E10378C2B3E98C000FCBBB8 /* MockAuthenicationRepository.swift */; };
		4E10378F2B3EABE100FCBBB8 /* fastlane in Resources */ = {isa = PBXBuildFile; fileRef = 4E10378E2B3EABE100FCBBB8 /* fastlane */; };
		4E1037902B3EABE100FCBBB8 /* fastlane in Resources */ = {isa = PBXBuildFile; fileRef = 4E10378E2B3EABE100FCBBB8 /* fastlane */; };
		4E1037912B3EABE100FCBBB8 /* fastlane in Resources */ = {isa = PBXBuildFile; fileRef = 4E10378E2B3EABE100FCBBB8 /* fastlane */; };
		4E17D1AA2B3CA1260042D287 /* SurveyCollectionViewCell.swift in Sources */ = {isa = PBXBuildFile; fileRef = 4E17D1A92B3CA1260042D287 /* SurveyCollectionViewCell.swift */; };
		4E17D1AF2B3D28650042D287 /* ProfileSideMenuViewController.swift in Sources */ = {isa = PBXBuildFile; fileRef = 4E17D1AE2B3D28650042D287 /* ProfileSideMenuViewController.swift */; };
		4E17D1B12B3D289F0042D287 /* ProfileSideMenuViewModel.swift in Sources */ = {isa = PBXBuildFile; fileRef = 4E17D1B02B3D289F0042D287 /* ProfileSideMenuViewModel.swift */; };
		4E17D1B22B3D2F2D0042D287 /* Assets.xcassets in Resources */ = {isa = PBXBuildFile; fileRef = 4EFF39892B37E0F30053C98E /* Assets.xcassets */; };
		4E17D1B32B3D2F2E0042D287 /* Assets.xcassets in Resources */ = {isa = PBXBuildFile; fileRef = 4EFF39892B37E0F30053C98E /* Assets.xcassets */; };
		4E17D1B52B3D55130042D287 /* ActivityIndicator.swift in Sources */ = {isa = PBXBuildFile; fileRef = 4E17D1B42B3D55130042D287 /* ActivityIndicator.swift */; };
		4E17D1B92B3D94CB0042D287 /* Commons.swift in Sources */ = {isa = PBXBuildFile; fileRef = 4E17D1B82B3D94CB0042D287 /* Commons.swift */; };
		4E17D1BB2B3DE14F0042D287 /* AlamofireRequestInterceptor.swift in Sources */ = {isa = PBXBuildFile; fileRef = 4E17D1BA2B3DE14F0042D287 /* AlamofireRequestInterceptor.swift */; };
		4EFF39812B37E0F10053C98E /* AppDelegate.swift in Sources */ = {isa = PBXBuildFile; fileRef = 4EFF39802B37E0F10053C98E /* AppDelegate.swift */; };
		4EFF398A2B37E0F30053C98E /* Assets.xcassets in Resources */ = {isa = PBXBuildFile; fileRef = 4EFF39892B37E0F30053C98E /* Assets.xcassets */; };
		4EFF398D2B37E0F30053C98E /* LaunchScreen.storyboard in Resources */ = {isa = PBXBuildFile; fileRef = 4EFF398B2B37E0F30053C98E /* LaunchScreen.storyboard */; };
		4EFF39982B37E0F40053C98E /* nimble_assignmentTests.swift in Sources */ = {isa = PBXBuildFile; fileRef = 4EFF39972B37E0F40053C98E /* nimble_assignmentTests.swift */; };
		4EFF39A22B37E0F40053C98E /* nimble_assignmentUITests.swift in Sources */ = {isa = PBXBuildFile; fileRef = 4EFF39A12B37E0F40053C98E /* nimble_assignmentUITests.swift */; };
		4EFF39A42B37E0F40053C98E /* nimble_assignmentUITestsLaunchTests.swift in Sources */ = {isa = PBXBuildFile; fileRef = 4EFF39A32B37E0F40053C98E /* nimble_assignmentUITestsLaunchTests.swift */; };
		4EFF39B22B38029F0053C98E /* BaseViewController.swift in Sources */ = {isa = PBXBuildFile; fileRef = 4EFF39B12B38029F0053C98E /* BaseViewController.swift */; };
		4EFF39B42B3802BB0053C98E /* BaseViewModel.swift in Sources */ = {isa = PBXBuildFile; fileRef = 4EFF39B32B3802BB0053C98E /* BaseViewModel.swift */; };
		4EFF39BB2B3804150053C98E /* SplashViewController.swift in Sources */ = {isa = PBXBuildFile; fileRef = 4EFF39BA2B3804150053C98E /* SplashViewController.swift */; };
		4EFF39BD2B38041E0053C98E /* SplashViewModel.swift in Sources */ = {isa = PBXBuildFile; fileRef = 4EFF39BC2B38041E0053C98E /* SplashViewModel.swift */; };
		4EFF39C22B38051E0053C98E /* LoginViewController.swift in Sources */ = {isa = PBXBuildFile; fileRef = 4EFF39C12B38051E0053C98E /* LoginViewController.swift */; };
		4EFF39C42B3805270053C98E /* LoginViewModel.swift in Sources */ = {isa = PBXBuildFile; fileRef = 4EFF39C32B3805270053C98E /* LoginViewModel.swift */; };
		4EFF39C92B380FF80053C98E /* CustomTextField.swift in Sources */ = {isa = PBXBuildFile; fileRef = 4EFF39C82B380FF80053C98E /* CustomTextField.swift */; };
		4EFF39CB2B3810370053C98E /* CustomButton.swift in Sources */ = {isa = PBXBuildFile; fileRef = 4EFF39CA2B3810370053C98E /* CustomButton.swift */; };
		4EFF39D22B38150C0053C98E /* AppInjection.swift in Sources */ = {isa = PBXBuildFile; fileRef = 4EFF39D12B38150C0053C98E /* AppInjection.swift */; };
		D2FA6D70B3ACFD4E55755CEB /* Pods_nimble_assignmentTests.framework in Frameworks */ = {isa = PBXBuildFile; fileRef = D9E35FB5F71E0FFD3B33BB5F /* Pods_nimble_assignmentTests.framework */; };
/* End PBXBuildFile section */

/* Begin PBXContainerItemProxy section */
		4EFF39942B37E0F40053C98E /* PBXContainerItemProxy */ = {
			isa = PBXContainerItemProxy;
			containerPortal = 4EFF39752B37E0F10053C98E /* Project object */;
			proxyType = 1;
			remoteGlobalIDString = 4EFF397C2B37E0F10053C98E;
			remoteInfo = nimble_assignment;
		};
		4EFF399E2B37E0F40053C98E /* PBXContainerItemProxy */ = {
			isa = PBXContainerItemProxy;
			containerPortal = 4EFF39752B37E0F10053C98E /* Project object */;
			proxyType = 1;
			remoteGlobalIDString = 4EFF397C2B37E0F10053C98E;
			remoteInfo = nimble_assignment;
		};
/* End PBXContainerItemProxy section */

/* Begin PBXFileReference section */
		031910EB5171F7275CF570E8 /* Pods-nimble_assignmentTests.debug.xcconfig */ = {isa = PBXFileReference; includeInIndex = 1; lastKnownFileType = text.xcconfig; name = "Pods-nimble_assignmentTests.debug.xcconfig"; path = "Target Support Files/Pods-nimble_assignmentTests/Pods-nimble_assignmentTests.debug.xcconfig"; sourceTree = "<group>"; };
		29AA58A6C2F457E76E63B5DF /* Pods-nimble_assignment-nimble_assignmentUITests.release.xcconfig */ = {isa = PBXFileReference; includeInIndex = 1; lastKnownFileType = text.xcconfig; name = "Pods-nimble_assignment-nimble_assignmentUITests.release.xcconfig"; path = "Target Support Files/Pods-nimble_assignment-nimble_assignmentUITests/Pods-nimble_assignment-nimble_assignmentUITests.release.xcconfig"; sourceTree = "<group>"; };
		4CB5843F3A8053BF47AE66F2 /* Pods-nimble_assignmentTests.release.xcconfig */ = {isa = PBXFileReference; includeInIndex = 1; lastKnownFileType = text.xcconfig; name = "Pods-nimble_assignmentTests.release.xcconfig"; path = "Target Support Files/Pods-nimble_assignmentTests/Pods-nimble_assignmentTests.release.xcconfig"; sourceTree = "<group>"; };
		4E014DBD2B393159005DFF65 /* Constants.swift */ = {isa = PBXFileReference; lastKnownFileType = sourcecode.swift; path = Constants.swift; sourceTree = "<group>"; };
		4E014DC12B39331D005DFF65 /* AuthenicationRepository.swift */ = {isa = PBXFileReference; lastKnownFileType = sourcecode.swift; path = AuthenicationRepository.swift; sourceTree = "<group>"; };
		4E014DC32B39338D005DFF65 /* LoginResponse.swift */ = {isa = PBXFileReference; lastKnownFileType = sourcecode.swift; path = LoginResponse.swift; sourceTree = "<group>"; };
		4E014DC52B3934FE005DFF65 /* AuthenicationAttributes.swift */ = {isa = PBXFileReference; lastKnownFileType = sourcecode.swift; path = AuthenicationAttributes.swift; sourceTree = "<group>"; };
		4E014DC82B393526005DFF65 /* AuthenicationRepositoryImpl.swift */ = {isa = PBXFileReference; lastKnownFileType = sourcecode.swift; path = AuthenicationRepositoryImpl.swift; sourceTree = "<group>"; };
		4E014DCA2B393A5A005DFF65 /* AlamofireClient.swift */ = {isa = PBXFileReference; lastKnownFileType = sourcecode.swift; path = AlamofireClient.swift; sourceTree = "<group>"; };
		4E014DCC2B39ACA1005DFF65 /* CustomError.swift */ = {isa = PBXFileReference; lastKnownFileType = sourcecode.swift; path = CustomError.swift; sourceTree = "<group>"; };
		4E014DD12B3A89B4005DFF65 /* UIViewController+Extension.swift */ = {isa = PBXFileReference; lastKnownFileType = sourcecode.swift; path = "UIViewController+Extension.swift"; sourceTree = "<group>"; };
		4E014DD52B3BD1D4005DFF65 /* SurveyListViewController.swift */ = {isa = PBXFileReference; lastKnownFileType = sourcecode.swift; path = SurveyListViewController.swift; sourceTree = "<group>"; };
		4E014DD72B3BD1E0005DFF65 /* SurveyListViewModel.swift */ = {isa = PBXFileReference; lastKnownFileType = sourcecode.swift; path = SurveyListViewModel.swift; sourceTree = "<group>"; };
		4E014DD92B3BD630005DFF65 /* Metadata.swift */ = {isa = PBXFileReference; lastKnownFileType = sourcecode.swift; path = Metadata.swift; sourceTree = "<group>"; };
		4E014DDB2B3BD657005DFF65 /* GetListSurveyResponse.swift */ = {isa = PBXFileReference; lastKnownFileType = sourcecode.swift; path = GetListSurveyResponse.swift; sourceTree = "<group>"; };
		4E014DDD2B3BD69E005DFF65 /* Survey.swift */ = {isa = PBXFileReference; lastKnownFileType = sourcecode.swift; path = Survey.swift; sourceTree = "<group>"; };
		4E014DDF2B3BD9C6005DFF65 /* BaseResponse.swift */ = {isa = PBXFileReference; lastKnownFileType = sourcecode.swift; path = BaseResponse.swift; sourceTree = "<group>"; };
		4E014DE22B3BDA22005DFF65 /* SurveyRepositoryImpl.swift */ = {isa = PBXFileReference; lastKnownFileType = sourcecode.swift; path = SurveyRepositoryImpl.swift; sourceTree = "<group>"; };
		4E014DE42B3BDA32005DFF65 /* SurveyRepository.swift */ = {isa = PBXFileReference; lastKnownFileType = sourcecode.swift; path = SurveyRepository.swift; sourceTree = "<group>"; };
		4E014DE92B3BE2A2005DFF65 /* UserSessionDataStore.swift */ = {isa = PBXFileReference; lastKnownFileType = sourcecode.swift; path = UserSessionDataStore.swift; sourceTree = "<group>"; };
		4E10377D2B3DFA8B00FCBBB8 /* TitleLabel.swift */ = {isa = PBXFileReference; lastKnownFileType = sourcecode.swift; path = TitleLabel.swift; sourceTree = "<group>"; };
		4E10377F2B3DFACA00FCBBB8 /* Date+Extension.swift */ = {isa = PBXFileReference; lastKnownFileType = sourcecode.swift; path = "Date+Extension.swift"; sourceTree = "<group>"; };
		4E1037812B3DFB2100FCBBB8 /* RoundedButton.swift */ = {isa = PBXFileReference; lastKnownFileType = sourcecode.swift; path = RoundedButton.swift; sourceTree = "<group>"; };
		4E1037832B3DFB9600FCBBB8 /* DateTimeFormat.swift */ = {isa = PBXFileReference; lastKnownFileType = sourcecode.swift; path = DateTimeFormat.swift; sourceTree = "<group>"; };
		4E1037862B3DFDF800FCBBB8 /* SurveyDetailViewController.swift */ = {isa = PBXFileReference; lastKnownFileType = sourcecode.swift; path = SurveyDetailViewController.swift; sourceTree = "<group>"; };
		4E1037882B3DFE1900FCBBB8 /* SurveyDetailViewModel.swift */ = {isa = PBXFileReference; lastKnownFileType = sourcecode.swift; path = SurveyDetailViewModel.swift; sourceTree = "<group>"; };
		4E10378A2B3E8D0800FCBBB8 /* LoginViewModelTests.swift */ = {isa = PBXFileReference; lastKnownFileType = sourcecode.swift; path = LoginViewModelTests.swift; sourceTree = "<group>"; };
		4E10378C2B3E98C000FCBBB8 /* MockAuthenicationRepository.swift */ = {isa = PBXFileReference; lastKnownFileType = sourcecode.swift; path = MockAuthenicationRepository.swift; sourceTree = "<group>"; };
		4E10378E2B3EABE100FCBBB8 /* fastlane */ = {isa = PBXFileReference; lastKnownFileType = folder; path = fastlane; sourceTree = "<group>"; };
		4E17D1A92B3CA1260042D287 /* SurveyCollectionViewCell.swift */ = {isa = PBXFileReference; lastKnownFileType = sourcecode.swift; path = SurveyCollectionViewCell.swift; sourceTree = "<group>"; };
		4E17D1AE2B3D28650042D287 /* ProfileSideMenuViewController.swift */ = {isa = PBXFileReference; lastKnownFileType = sourcecode.swift; path = ProfileSideMenuViewController.swift; sourceTree = "<group>"; };
		4E17D1B02B3D289F0042D287 /* ProfileSideMenuViewModel.swift */ = {isa = PBXFileReference; lastKnownFileType = sourcecode.swift; path = ProfileSideMenuViewModel.swift; sourceTree = "<group>"; };
		4E17D1B42B3D55130042D287 /* ActivityIndicator.swift */ = {isa = PBXFileReference; lastKnownFileType = sourcecode.swift; path = ActivityIndicator.swift; sourceTree = "<group>"; };
		4E17D1B82B3D94CB0042D287 /* Commons.swift */ = {isa = PBXFileReference; fileEncoding = 4; lastKnownFileType = sourcecode.swift; path = Commons.swift; sourceTree = "<group>"; };
		4E17D1BA2B3DE14F0042D287 /* AlamofireRequestInterceptor.swift */ = {isa = PBXFileReference; lastKnownFileType = sourcecode.swift; path = AlamofireRequestInterceptor.swift; sourceTree = "<group>"; };
		4EFF397D2B37E0F10053C98E /* nimble_assignment.app */ = {isa = PBXFileReference; explicitFileType = wrapper.application; includeInIndex = 0; path = nimble_assignment.app; sourceTree = BUILT_PRODUCTS_DIR; };
		4EFF39802B37E0F10053C98E /* AppDelegate.swift */ = {isa = PBXFileReference; lastKnownFileType = sourcecode.swift; path = AppDelegate.swift; sourceTree = "<group>"; };
		4EFF39892B37E0F30053C98E /* Assets.xcassets */ = {isa = PBXFileReference; lastKnownFileType = folder.assetcatalog; path = Assets.xcassets; sourceTree = "<group>"; };
		4EFF398C2B37E0F30053C98E /* Base */ = {isa = PBXFileReference; lastKnownFileType = file.storyboard; name = Base; path = Base.lproj/LaunchScreen.storyboard; sourceTree = "<group>"; };
		4EFF398E2B37E0F30053C98E /* Info.plist */ = {isa = PBXFileReference; lastKnownFileType = text.plist.xml; path = Info.plist; sourceTree = "<group>"; };
		4EFF39932B37E0F40053C98E /* nimble_assignmentTests.xctest */ = {isa = PBXFileReference; explicitFileType = wrapper.cfbundle; includeInIndex = 0; path = nimble_assignmentTests.xctest; sourceTree = BUILT_PRODUCTS_DIR; };
		4EFF39972B37E0F40053C98E /* nimble_assignmentTests.swift */ = {isa = PBXFileReference; lastKnownFileType = sourcecode.swift; path = nimble_assignmentTests.swift; sourceTree = "<group>"; };
		4EFF399D2B37E0F40053C98E /* nimble_assignmentUITests.xctest */ = {isa = PBXFileReference; explicitFileType = wrapper.cfbundle; includeInIndex = 0; path = nimble_assignmentUITests.xctest; sourceTree = BUILT_PRODUCTS_DIR; };
		4EFF39A12B37E0F40053C98E /* nimble_assignmentUITests.swift */ = {isa = PBXFileReference; lastKnownFileType = sourcecode.swift; path = nimble_assignmentUITests.swift; sourceTree = "<group>"; };
		4EFF39A32B37E0F40053C98E /* nimble_assignmentUITestsLaunchTests.swift */ = {isa = PBXFileReference; lastKnownFileType = sourcecode.swift; path = nimble_assignmentUITestsLaunchTests.swift; sourceTree = "<group>"; };
		4EFF39B12B38029F0053C98E /* BaseViewController.swift */ = {isa = PBXFileReference; lastKnownFileType = sourcecode.swift; path = BaseViewController.swift; sourceTree = "<group>"; };
		4EFF39B32B3802BB0053C98E /* BaseViewModel.swift */ = {isa = PBXFileReference; lastKnownFileType = sourcecode.swift; path = BaseViewModel.swift; sourceTree = "<group>"; };
		4EFF39BA2B3804150053C98E /* SplashViewController.swift */ = {isa = PBXFileReference; lastKnownFileType = sourcecode.swift; path = SplashViewController.swift; sourceTree = "<group>"; };
		4EFF39BC2B38041E0053C98E /* SplashViewModel.swift */ = {isa = PBXFileReference; lastKnownFileType = sourcecode.swift; path = SplashViewModel.swift; sourceTree = "<group>"; };
		4EFF39C12B38051E0053C98E /* LoginViewController.swift */ = {isa = PBXFileReference; lastKnownFileType = sourcecode.swift; path = LoginViewController.swift; sourceTree = "<group>"; };
		4EFF39C32B3805270053C98E /* LoginViewModel.swift */ = {isa = PBXFileReference; lastKnownFileType = sourcecode.swift; path = LoginViewModel.swift; sourceTree = "<group>"; };
		4EFF39C82B380FF80053C98E /* CustomTextField.swift */ = {isa = PBXFileReference; lastKnownFileType = sourcecode.swift; path = CustomTextField.swift; sourceTree = "<group>"; };
		4EFF39CA2B3810370053C98E /* CustomButton.swift */ = {isa = PBXFileReference; lastKnownFileType = sourcecode.swift; path = CustomButton.swift; sourceTree = "<group>"; };
		4EFF39D12B38150C0053C98E /* AppInjection.swift */ = {isa = PBXFileReference; lastKnownFileType = sourcecode.swift; path = AppInjection.swift; sourceTree = "<group>"; };
		567FDC266CF54A67B9638613 /* Pods-nimble_assignment.debug.xcconfig */ = {isa = PBXFileReference; includeInIndex = 1; lastKnownFileType = text.xcconfig; name = "Pods-nimble_assignment.debug.xcconfig"; path = "Target Support Files/Pods-nimble_assignment/Pods-nimble_assignment.debug.xcconfig"; sourceTree = "<group>"; };
		83136E81CB9D0ECC9C8A2828 /* Pods-nimble_assignment-nimble_assignmentUITests.debug.xcconfig */ = {isa = PBXFileReference; includeInIndex = 1; lastKnownFileType = text.xcconfig; name = "Pods-nimble_assignment-nimble_assignmentUITests.debug.xcconfig"; path = "Target Support Files/Pods-nimble_assignment-nimble_assignmentUITests/Pods-nimble_assignment-nimble_assignmentUITests.debug.xcconfig"; sourceTree = "<group>"; };
		BB28F447170009ED31ACA81A /* Pods_nimble_assignment_nimble_assignmentUITests.framework */ = {isa = PBXFileReference; explicitFileType = wrapper.framework; includeInIndex = 0; path = Pods_nimble_assignment_nimble_assignmentUITests.framework; sourceTree = BUILT_PRODUCTS_DIR; };
		D9E35FB5F71E0FFD3B33BB5F /* Pods_nimble_assignmentTests.framework */ = {isa = PBXFileReference; explicitFileType = wrapper.framework; includeInIndex = 0; path = Pods_nimble_assignmentTests.framework; sourceTree = BUILT_PRODUCTS_DIR; };
		DFBEAAB14FA646422B9836D7 /* Pods_nimble_assignment.framework */ = {isa = PBXFileReference; explicitFileType = wrapper.framework; includeInIndex = 0; path = Pods_nimble_assignment.framework; sourceTree = BUILT_PRODUCTS_DIR; };
		F3526F1F26EA201A36158C1E /* Pods-nimble_assignment.release.xcconfig */ = {isa = PBXFileReference; includeInIndex = 1; lastKnownFileType = text.xcconfig; name = "Pods-nimble_assignment.release.xcconfig"; path = "Target Support Files/Pods-nimble_assignment/Pods-nimble_assignment.release.xcconfig"; sourceTree = "<group>"; };
/* End PBXFileReference section */

/* Begin PBXFrameworksBuildPhase section */
		4EFF397A2B37E0F10053C98E /* Frameworks */ = {
			isa = PBXFrameworksBuildPhase;
			buildActionMask = 2147483647;
			files = (
				3F81527DFFFDE09E9475A8D6 /* Pods_nimble_assignment.framework in Frameworks */,
			);
			runOnlyForDeploymentPostprocessing = 0;
		};
		4EFF39902B37E0F40053C98E /* Frameworks */ = {
			isa = PBXFrameworksBuildPhase;
			buildActionMask = 2147483647;
			files = (
				D2FA6D70B3ACFD4E55755CEB /* Pods_nimble_assignmentTests.framework in Frameworks */,
			);
			runOnlyForDeploymentPostprocessing = 0;
		};
		4EFF399A2B37E0F40053C98E /* Frameworks */ = {
			isa = PBXFrameworksBuildPhase;
			buildActionMask = 2147483647;
			files = (
				08FB1672D4E902CC794E2BD2 /* Pods_nimble_assignment_nimble_assignmentUITests.framework in Frameworks */,
			);
			runOnlyForDeploymentPostprocessing = 0;
		};
/* End PBXFrameworksBuildPhase section */

/* Begin PBXGroup section */
		4E014DBB2B3930EA005DFF65 /* Repositories */ = {
			isa = PBXGroup;
			children = (
				4E014DE12B3BDA0C005DFF65 /* Survey */,
				4E014DC02B393309005DFF65 /* Authenication */,
				4E014DC12B39331D005DFF65 /* AuthenicationRepository.swift */,
				4E014DE42B3BDA32005DFF65 /* SurveyRepository.swift */,
			);
			path = Repositories;
			sourceTree = "<group>";
		};
		4E014DBC2B393145005DFF65 /* Constants */ = {
			isa = PBXGroup;
			children = (
				4E014DBD2B393159005DFF65 /* Constants.swift */,
				4E1037832B3DFB9600FCBBB8 /* DateTimeFormat.swift */,
			);
			path = Constants;
			sourceTree = "<group>";
		};
		4E014DBF2B393303005DFF65 /* Models */ = {
			isa = PBXGroup;
			children = (
				4E014DC32B39338D005DFF65 /* LoginResponse.swift */,
				4E014DC52B3934FE005DFF65 /* AuthenicationAttributes.swift */,
				4E014DD92B3BD630005DFF65 /* Metadata.swift */,
				4E014DDB2B3BD657005DFF65 /* GetListSurveyResponse.swift */,
				4E014DDD2B3BD69E005DFF65 /* Survey.swift */,
				4E014DDF2B3BD9C6005DFF65 /* BaseResponse.swift */,
			);
			path = Models;
			sourceTree = "<group>";
		};
		4E014DC02B393309005DFF65 /* Authenication */ = {
			isa = PBXGroup;
			children = (
				4E014DC82B393526005DFF65 /* AuthenicationRepositoryImpl.swift */,
			);
			path = Authenication;
			sourceTree = "<group>";
		};
		4E014DD32B3BCB4F005DFF65 /* Survey */ = {
			isa = PBXGroup;
			children = (
				4E1037852B3DFDCD00FCBBB8 /* SurveyDetail */,
				4E014DD42B3BD1AF005DFF65 /* SurveyList */,
			);
			path = Survey;
			sourceTree = "<group>";
		};
		4E014DD42B3BD1AF005DFF65 /* SurveyList */ = {
			isa = PBXGroup;
			children = (
				4E17D1A62B3C9FCE0042D287 /* Views */,
				4E014DD52B3BD1D4005DFF65 /* SurveyListViewController.swift */,
				4E014DD72B3BD1E0005DFF65 /* SurveyListViewModel.swift */,
			);
			path = SurveyList;
			sourceTree = "<group>";
		};
		4E014DE12B3BDA0C005DFF65 /* Survey */ = {
			isa = PBXGroup;
			children = (
				4E014DE22B3BDA22005DFF65 /* SurveyRepositoryImpl.swift */,
			);
			path = Survey;
			sourceTree = "<group>";
		};
		4E014DE62B3BDF6E005DFF65 /* Datasources */ = {
			isa = PBXGroup;
			children = (
				4E014DE82B3BDF80005DFF65 /* Local */,
				4E014DE72B3BDF77005DFF65 /* Remote */,
			);
			path = Datasources;
			sourceTree = "<group>";
		};
		4E014DE72B3BDF77005DFF65 /* Remote */ = {
			isa = PBXGroup;
			children = (
				4E014DCA2B393A5A005DFF65 /* AlamofireClient.swift */,
				4E17D1BA2B3DE14F0042D287 /* AlamofireRequestInterceptor.swift */,
			);
			path = Remote;
			sourceTree = "<group>";
		};
		4E014DE82B3BDF80005DFF65 /* Local */ = {
			isa = PBXGroup;
			children = (
				4E014DE92B3BE2A2005DFF65 /* UserSessionDataStore.swift */,
			);
			path = Local;
			sourceTree = "<group>";
		};
		4E1037852B3DFDCD00FCBBB8 /* SurveyDetail */ = {
			isa = PBXGroup;
			children = (
				4E1037862B3DFDF800FCBBB8 /* SurveyDetailViewController.swift */,
				4E1037882B3DFE1900FCBBB8 /* SurveyDetailViewModel.swift */,
			);
			path = SurveyDetail;
			sourceTree = "<group>";
		};
		4E17D1A62B3C9FCE0042D287 /* Views */ = {
			isa = PBXGroup;
			children = (
				4E17D1A92B3CA1260042D287 /* SurveyCollectionViewCell.swift */,
			);
			path = Views;
			sourceTree = "<group>";
		};
		4E17D1AD2B3D276A0042D287 /* Profile */ = {
			isa = PBXGroup;
			children = (
				4E17D1AE2B3D28650042D287 /* ProfileSideMenuViewController.swift */,
				4E17D1B02B3D289F0042D287 /* ProfileSideMenuViewModel.swift */,
			);
			path = Profile;
			sourceTree = "<group>";
		};
		4EFF39742B37E0F10053C98E = {
			isa = PBXGroup;
			children = (
				4E10378E2B3EABE100FCBBB8 /* fastlane */,
				4EFF397F2B37E0F10053C98E /* nimble_assignment */,
				4EFF39962B37E0F40053C98E /* nimble_assignmentTests */,
				4EFF39A02B37E0F40053C98E /* nimble_assignmentUITests */,
				4EFF397E2B37E0F10053C98E /* Products */,
				C27D58C176A3117DD51BF453 /* Pods */,
				9668ADF34CD96E923CE55FA7 /* Frameworks */,
			);
			sourceTree = "<group>";
		};
		4EFF397E2B37E0F10053C98E /* Products */ = {
			isa = PBXGroup;
			children = (
				4EFF397D2B37E0F10053C98E /* nimble_assignment.app */,
				4EFF39932B37E0F40053C98E /* nimble_assignmentTests.xctest */,
				4EFF399D2B37E0F40053C98E /* nimble_assignmentUITests.xctest */,
			);
			name = Products;
			sourceTree = "<group>";
		};
		4EFF397F2B37E0F10053C98E /* nimble_assignment */ = {
			isa = PBXGroup;
			children = (
				4EFF39D02B3815030053C98E /* Injection */,
				4EFF39B72B3803930053C98E /* Application */,
				4EFF39B02B38027B0053C98E /* Base */,
				4E014DE62B3BDF6E005DFF65 /* Datasources */,
				4E014DBF2B393303005DFF65 /* Models */,
				4E014DBB2B3930EA005DFF65 /* Repositories */,
				4EFF39C62B380FCA0053C98E /* Shared */,
				4EFF39C52B38055E0053C98E /* Resources */,
				4EFF39B82B3803F00053C98E /* Modules */,
				4EFF39B62B3803320053C98E /* Utils */,
				4EFF398E2B37E0F30053C98E /* Info.plist */,
			);
			path = nimble_assignment;
			sourceTree = "<group>";
		};
		4EFF39962B37E0F40053C98E /* nimble_assignmentTests */ = {
			isa = PBXGroup;
			children = (
				4EFF39972B37E0F40053C98E /* nimble_assignmentTests.swift */,
				4E10378A2B3E8D0800FCBBB8 /* LoginViewModelTests.swift */,
				4E10378C2B3E98C000FCBBB8 /* MockAuthenicationRepository.swift */,
			);
			path = nimble_assignmentTests;
			sourceTree = "<group>";
		};
		4EFF39A02B37E0F40053C98E /* nimble_assignmentUITests */ = {
			isa = PBXGroup;
			children = (
				4EFF39A12B37E0F40053C98E /* nimble_assignmentUITests.swift */,
				4EFF39A32B37E0F40053C98E /* nimble_assignmentUITestsLaunchTests.swift */,
			);
			path = nimble_assignmentUITests;
			sourceTree = "<group>";
		};
		4EFF39B02B38027B0053C98E /* Base */ = {
			isa = PBXGroup;
			children = (
				4EFF39B12B38029F0053C98E /* BaseViewController.swift */,
				4EFF39B32B3802BB0053C98E /* BaseViewModel.swift */,
				4E014DCC2B39ACA1005DFF65 /* CustomError.swift */,
			);
			path = Base;
			sourceTree = "<group>";
		};
		4EFF39B52B38032B0053C98E /* Extensions */ = {
			isa = PBXGroup;
			children = (
				4E014DD12B3A89B4005DFF65 /* UIViewController+Extension.swift */,
				4E10377F2B3DFACA00FCBBB8 /* Date+Extension.swift */,
			);
			path = Extensions;
			sourceTree = "<group>";
		};
		4EFF39B62B3803320053C98E /* Utils */ = {
			isa = PBXGroup;
			children = (
			);
			path = Utils;
			sourceTree = "<group>";
		};
		4EFF39B72B3803930053C98E /* Application */ = {
			isa = PBXGroup;
			children = (
				4EFF398B2B37E0F30053C98E /* LaunchScreen.storyboard */,
				4EFF39802B37E0F10053C98E /* AppDelegate.swift */,
			);
			path = Application;
			sourceTree = "<group>";
		};
		4EFF39B82B3803F00053C98E /* Modules */ = {
			isa = PBXGroup;
			children = (
				4E17D1AD2B3D276A0042D287 /* Profile */,
				4E014DD32B3BCB4F005DFF65 /* Survey */,
				4EFF39BE2B3805040053C98E /* Authenication */,
				4EFF39B92B3803F80053C98E /* Splash */,
			);
			path = Modules;
			sourceTree = "<group>";
		};
		4EFF39B92B3803F80053C98E /* Splash */ = {
			isa = PBXGroup;
			children = (
				4EFF39BA2B3804150053C98E /* SplashViewController.swift */,
				4EFF39BC2B38041E0053C98E /* SplashViewModel.swift */,
			);
			path = Splash;
			sourceTree = "<group>";
		};
		4EFF39BE2B3805040053C98E /* Authenication */ = {
			isa = PBXGroup;
			children = (
				4EFF39BF2B38050D0053C98E /* Login */,
			);
			path = Authenication;
			sourceTree = "<group>";
		};
		4EFF39BF2B38050D0053C98E /* Login */ = {
			isa = PBXGroup;
			children = (
				4EFF39C12B38051E0053C98E /* LoginViewController.swift */,
				4EFF39C32B3805270053C98E /* LoginViewModel.swift */,
			);
			path = Login;
			sourceTree = "<group>";
		};
		4EFF39C52B38055E0053C98E /* Resources */ = {
			isa = PBXGroup;
			children = (
				4EFF39892B37E0F30053C98E /* Assets.xcassets */,
			);
			path = Resources;
			sourceTree = "<group>";
		};
		4EFF39C62B380FCA0053C98E /* Shared */ = {
			isa = PBXGroup;
			children = (
				4E17D1B82B3D94CB0042D287 /* Commons.swift */,
				4EFF39B52B38032B0053C98E /* Extensions */,
				4E014DBC2B393145005DFF65 /* Constants */,
				4EFF39C72B380FE90053C98E /* UI */,
			);
			path = Shared;
			sourceTree = "<group>";
		};
		4EFF39C72B380FE90053C98E /* UI */ = {
			isa = PBXGroup;
			children = (
				4EFF39C82B380FF80053C98E /* CustomTextField.swift */,
				4EFF39CA2B3810370053C98E /* CustomButton.swift */,
				4E17D1B42B3D55130042D287 /* ActivityIndicator.swift */,
				4E10377D2B3DFA8B00FCBBB8 /* TitleLabel.swift */,
				4E1037812B3DFB2100FCBBB8 /* RoundedButton.swift */,
			);
			path = UI;
			sourceTree = "<group>";
		};
		4EFF39D02B3815030053C98E /* Injection */ = {
			isa = PBXGroup;
			children = (
				4EFF39D12B38150C0053C98E /* AppInjection.swift */,
			);
			path = Injection;
			sourceTree = "<group>";
		};
		9668ADF34CD96E923CE55FA7 /* Frameworks */ = {
			isa = PBXGroup;
			children = (
				DFBEAAB14FA646422B9836D7 /* Pods_nimble_assignment.framework */,
				BB28F447170009ED31ACA81A /* Pods_nimble_assignment_nimble_assignmentUITests.framework */,
				D9E35FB5F71E0FFD3B33BB5F /* Pods_nimble_assignmentTests.framework */,
			);
			name = Frameworks;
			sourceTree = "<group>";
		};
		C27D58C176A3117DD51BF453 /* Pods */ = {
			isa = PBXGroup;
			children = (
				567FDC266CF54A67B9638613 /* Pods-nimble_assignment.debug.xcconfig */,
				F3526F1F26EA201A36158C1E /* Pods-nimble_assignment.release.xcconfig */,
				83136E81CB9D0ECC9C8A2828 /* Pods-nimble_assignment-nimble_assignmentUITests.debug.xcconfig */,
				29AA58A6C2F457E76E63B5DF /* Pods-nimble_assignment-nimble_assignmentUITests.release.xcconfig */,
				031910EB5171F7275CF570E8 /* Pods-nimble_assignmentTests.debug.xcconfig */,
				4CB5843F3A8053BF47AE66F2 /* Pods-nimble_assignmentTests.release.xcconfig */,
			);
			path = Pods;
			sourceTree = "<group>";
		};
/* End PBXGroup section */

/* Begin PBXNativeTarget section */
		4EFF397C2B37E0F10053C98E /* nimble_assignment */ = {
			isa = PBXNativeTarget;
			buildConfigurationList = 4EFF39A72B37E0F40053C98E /* Build configuration list for PBXNativeTarget "nimble_assignment" */;
			buildPhases = (
				068257442CF37772B3B9DACC /* [CP] Check Pods Manifest.lock */,
				4EFF39792B37E0F10053C98E /* Sources */,
				4EFF397A2B37E0F10053C98E /* Frameworks */,
				4EFF397B2B37E0F10053C98E /* Resources */,
				B97785E09FAED3DB075CB222 /* [CP] Embed Pods Frameworks */,
			);
			buildRules = (
			);
			dependencies = (
			);
			name = nimble_assignment;
			productName = nimble_assignment;
			productReference = 4EFF397D2B37E0F10053C98E /* nimble_assignment.app */;
			productType = "com.apple.product-type.application";
		};
		4EFF39922B37E0F40053C98E /* nimble_assignmentTests */ = {
			isa = PBXNativeTarget;
			buildConfigurationList = 4EFF39AA2B37E0F40053C98E /* Build configuration list for PBXNativeTarget "nimble_assignmentTests" */;
			buildPhases = (
				87349C96921FFD1CD4B65D2D /* [CP] Check Pods Manifest.lock */,
				4EFF398F2B37E0F40053C98E /* Sources */,
				4EFF39902B37E0F40053C98E /* Frameworks */,
				4EFF39912B37E0F40053C98E /* Resources */,
				E6D5926C7EBC5CA8057A5DC7 /* [CP] Embed Pods Frameworks */,
			);
			buildRules = (
			);
			dependencies = (
				4EFF39952B37E0F40053C98E /* PBXTargetDependency */,
			);
			name = nimble_assignmentTests;
			productName = nimble_assignmentTests;
			productReference = 4EFF39932B37E0F40053C98E /* nimble_assignmentTests.xctest */;
			productType = "com.apple.product-type.bundle.unit-test";
		};
		4EFF399C2B37E0F40053C98E /* nimble_assignmentUITests */ = {
			isa = PBXNativeTarget;
			buildConfigurationList = 4EFF39AD2B37E0F40053C98E /* Build configuration list for PBXNativeTarget "nimble_assignmentUITests" */;
			buildPhases = (
				095B2FB92430696E7E7EE949 /* [CP] Check Pods Manifest.lock */,
				4EFF39992B37E0F40053C98E /* Sources */,
				4EFF399A2B37E0F40053C98E /* Frameworks */,
				4EFF399B2B37E0F40053C98E /* Resources */,
				8A6639E21F7E15FC437A6D32 /* [CP] Embed Pods Frameworks */,
			);
			buildRules = (
			);
			dependencies = (
				4EFF399F2B37E0F40053C98E /* PBXTargetDependency */,
			);
			name = nimble_assignmentUITests;
			productName = nimble_assignmentUITests;
			productReference = 4EFF399D2B37E0F40053C98E /* nimble_assignmentUITests.xctest */;
			productType = "com.apple.product-type.bundle.ui-testing";
		};
/* End PBXNativeTarget section */

/* Begin PBXProject section */
		4EFF39752B37E0F10053C98E /* Project object */ = {
			isa = PBXProject;
			attributes = {
				BuildIndependentTargetsInParallel = 1;
				LastSwiftUpdateCheck = 1420;
				LastUpgradeCheck = 1420;
				TargetAttributes = {
					4EFF397C2B37E0F10053C98E = {
						CreatedOnToolsVersion = 14.2;
					};
					4EFF39922B37E0F40053C98E = {
						CreatedOnToolsVersion = 14.2;
						TestTargetID = 4EFF397C2B37E0F10053C98E;
					};
					4EFF399C2B37E0F40053C98E = {
						CreatedOnToolsVersion = 14.2;
						TestTargetID = 4EFF397C2B37E0F10053C98E;
					};
				};
			};
			buildConfigurationList = 4EFF39782B37E0F10053C98E /* Build configuration list for PBXProject "nimble_assignment" */;
			compatibilityVersion = "Xcode 14.0";
			developmentRegion = en;
			hasScannedForEncodings = 0;
			knownRegions = (
				en,
				Base,
			);
			mainGroup = 4EFF39742B37E0F10053C98E;
			productRefGroup = 4EFF397E2B37E0F10053C98E /* Products */;
			projectDirPath = "";
			projectRoot = "";
			targets = (
				4EFF397C2B37E0F10053C98E /* nimble_assignment */,
				4EFF39922B37E0F40053C98E /* nimble_assignmentTests */,
				4EFF399C2B37E0F40053C98E /* nimble_assignmentUITests */,
			);
		};
/* End PBXProject section */

/* Begin PBXResourcesBuildPhase section */
		4EFF397B2B37E0F10053C98E /* Resources */ = {
			isa = PBXResourcesBuildPhase;
			buildActionMask = 2147483647;
			files = (
				4E10378F2B3EABE100FCBBB8 /* fastlane in Resources */,
				4EFF398D2B37E0F30053C98E /* LaunchScreen.storyboard in Resources */,
				4EFF398A2B37E0F30053C98E /* Assets.xcassets in Resources */,
			);
			runOnlyForDeploymentPostprocessing = 0;
		};
		4EFF39912B37E0F40053C98E /* Resources */ = {
			isa = PBXResourcesBuildPhase;
			buildActionMask = 2147483647;
			files = (
				4E1037902B3EABE100FCBBB8 /* fastlane in Resources */,
				4E17D1B22B3D2F2D0042D287 /* Assets.xcassets in Resources */,
			);
			runOnlyForDeploymentPostprocessing = 0;
		};
		4EFF399B2B37E0F40053C98E /* Resources */ = {
			isa = PBXResourcesBuildPhase;
			buildActionMask = 2147483647;
			files = (
				4E1037912B3EABE100FCBBB8 /* fastlane in Resources */,
				4E17D1B32B3D2F2E0042D287 /* Assets.xcassets in Resources */,
			);
			runOnlyForDeploymentPostprocessing = 0;
		};
/* End PBXResourcesBuildPhase section */

/* Begin PBXShellScriptBuildPhase section */
		068257442CF37772B3B9DACC /* [CP] Check Pods Manifest.lock */ = {
			isa = PBXShellScriptBuildPhase;
			buildActionMask = 2147483647;
			files = (
			);
			inputFileListPaths = (
			);
			inputPaths = (
				"${PODS_PODFILE_DIR_PATH}/Podfile.lock",
				"${PODS_ROOT}/Manifest.lock",
			);
			name = "[CP] Check Pods Manifest.lock";
			outputFileListPaths = (
			);
			outputPaths = (
				"$(DERIVED_FILE_DIR)/Pods-nimble_assignment-checkManifestLockResult.txt",
			);
			runOnlyForDeploymentPostprocessing = 0;
			shellPath = /bin/sh;
			shellScript = "diff \"${PODS_PODFILE_DIR_PATH}/Podfile.lock\" \"${PODS_ROOT}/Manifest.lock\" > /dev/null\nif [ $? != 0 ] ; then\n    # print error to STDERR\n    echo \"error: The sandbox is not in sync with the Podfile.lock. Run 'pod install' or update your CocoaPods installation.\" >&2\n    exit 1\nfi\n# This output is used by Xcode 'outputs' to avoid re-running this script phase.\necho \"SUCCESS\" > \"${SCRIPT_OUTPUT_FILE_0}\"\n";
			showEnvVarsInLog = 0;
		};
		095B2FB92430696E7E7EE949 /* [CP] Check Pods Manifest.lock */ = {
			isa = PBXShellScriptBuildPhase;
			buildActionMask = 2147483647;
			files = (
			);
			inputFileListPaths = (
			);
			inputPaths = (
				"${PODS_PODFILE_DIR_PATH}/Podfile.lock",
				"${PODS_ROOT}/Manifest.lock",
			);
			name = "[CP] Check Pods Manifest.lock";
			outputFileListPaths = (
			);
			outputPaths = (
				"$(DERIVED_FILE_DIR)/Pods-nimble_assignment-nimble_assignmentUITests-checkManifestLockResult.txt",
			);
			runOnlyForDeploymentPostprocessing = 0;
			shellPath = /bin/sh;
			shellScript = "diff \"${PODS_PODFILE_DIR_PATH}/Podfile.lock\" \"${PODS_ROOT}/Manifest.lock\" > /dev/null\nif [ $? != 0 ] ; then\n    # print error to STDERR\n    echo \"error: The sandbox is not in sync with the Podfile.lock. Run 'pod install' or update your CocoaPods installation.\" >&2\n    exit 1\nfi\n# This output is used by Xcode 'outputs' to avoid re-running this script phase.\necho \"SUCCESS\" > \"${SCRIPT_OUTPUT_FILE_0}\"\n";
			showEnvVarsInLog = 0;
		};
		87349C96921FFD1CD4B65D2D /* [CP] Check Pods Manifest.lock */ = {
			isa = PBXShellScriptBuildPhase;
			buildActionMask = 2147483647;
			files = (
			);
			inputFileListPaths = (
			);
			inputPaths = (
				"${PODS_PODFILE_DIR_PATH}/Podfile.lock",
				"${PODS_ROOT}/Manifest.lock",
			);
			name = "[CP] Check Pods Manifest.lock";
			outputFileListPaths = (
			);
			outputPaths = (
				"$(DERIVED_FILE_DIR)/Pods-nimble_assignmentTests-checkManifestLockResult.txt",
			);
			runOnlyForDeploymentPostprocessing = 0;
			shellPath = /bin/sh;
			shellScript = "diff \"${PODS_PODFILE_DIR_PATH}/Podfile.lock\" \"${PODS_ROOT}/Manifest.lock\" > /dev/null\nif [ $? != 0 ] ; then\n    # print error to STDERR\n    echo \"error: The sandbox is not in sync with the Podfile.lock. Run 'pod install' or update your CocoaPods installation.\" >&2\n    exit 1\nfi\n# This output is used by Xcode 'outputs' to avoid re-running this script phase.\necho \"SUCCESS\" > \"${SCRIPT_OUTPUT_FILE_0}\"\n";
			showEnvVarsInLog = 0;
		};
		8A6639E21F7E15FC437A6D32 /* [CP] Embed Pods Frameworks */ = {
			isa = PBXShellScriptBuildPhase;
			buildActionMask = 2147483647;
			files = (
			);
			inputFileListPaths = (
				"${PODS_ROOT}/Target Support Files/Pods-nimble_assignment-nimble_assignmentUITests/Pods-nimble_assignment-nimble_assignmentUITests-frameworks-${CONFIGURATION}-input-files.xcfilelist",
			);
			name = "[CP] Embed Pods Frameworks";
			outputFileListPaths = (
				"${PODS_ROOT}/Target Support Files/Pods-nimble_assignment-nimble_assignmentUITests/Pods-nimble_assignment-nimble_assignmentUITests-frameworks-${CONFIGURATION}-output-files.xcfilelist",
			);
			runOnlyForDeploymentPostprocessing = 0;
			shellPath = /bin/sh;
			shellScript = "\"${PODS_ROOT}/Target Support Files/Pods-nimble_assignment-nimble_assignmentUITests/Pods-nimble_assignment-nimble_assignmentUITests-frameworks.sh\"\n";
			showEnvVarsInLog = 0;
		};
		B97785E09FAED3DB075CB222 /* [CP] Embed Pods Frameworks */ = {
			isa = PBXShellScriptBuildPhase;
			buildActionMask = 2147483647;
			files = (
			);
			inputFileListPaths = (
				"${PODS_ROOT}/Target Support Files/Pods-nimble_assignment/Pods-nimble_assignment-frameworks-${CONFIGURATION}-input-files.xcfilelist",
			);
			name = "[CP] Embed Pods Frameworks";
			outputFileListPaths = (
				"${PODS_ROOT}/Target Support Files/Pods-nimble_assignment/Pods-nimble_assignment-frameworks-${CONFIGURATION}-output-files.xcfilelist",
			);
			runOnlyForDeploymentPostprocessing = 0;
			shellPath = /bin/sh;
			shellScript = "\"${PODS_ROOT}/Target Support Files/Pods-nimble_assignment/Pods-nimble_assignment-frameworks.sh\"\n";
			showEnvVarsInLog = 0;
		};
		E6D5926C7EBC5CA8057A5DC7 /* [CP] Embed Pods Frameworks */ = {
			isa = PBXShellScriptBuildPhase;
			buildActionMask = 2147483647;
			files = (
			);
			inputFileListPaths = (
				"${PODS_ROOT}/Target Support Files/Pods-nimble_assignmentTests/Pods-nimble_assignmentTests-frameworks-${CONFIGURATION}-input-files.xcfilelist",
			);
			name = "[CP] Embed Pods Frameworks";
			outputFileListPaths = (
				"${PODS_ROOT}/Target Support Files/Pods-nimble_assignmentTests/Pods-nimble_assignmentTests-frameworks-${CONFIGURATION}-output-files.xcfilelist",
			);
			runOnlyForDeploymentPostprocessing = 0;
			shellPath = /bin/sh;
			shellScript = "\"${PODS_ROOT}/Target Support Files/Pods-nimble_assignmentTests/Pods-nimble_assignmentTests-frameworks.sh\"\n";
			showEnvVarsInLog = 0;
		};
/* End PBXShellScriptBuildPhase section */

/* Begin PBXSourcesBuildPhase section */
		4EFF39792B37E0F10053C98E /* Sources */ = {
			isa = PBXSourcesBuildPhase;
			buildActionMask = 2147483647;
			files = (
				4EFF39D22B38150C0053C98E /* AppInjection.swift in Sources */,
				4E014DC62B3934FE005DFF65 /* AuthenicationAttributes.swift in Sources */,
				4E014DDC2B3BD657005DFF65 /* GetListSurveyResponse.swift in Sources */,
				4E1037822B3DFB2100FCBBB8 /* RoundedButton.swift in Sources */,
				4EFF39C22B38051E0053C98E /* LoginViewController.swift in Sources */,
				4EFF39B42B3802BB0053C98E /* BaseViewModel.swift in Sources */,
				4E17D1B12B3D289F0042D287 /* ProfileSideMenuViewModel.swift in Sources */,
				4EFF39CB2B3810370053C98E /* CustomButton.swift in Sources */,
				4E014DD62B3BD1D4005DFF65 /* SurveyListViewController.swift in Sources */,
				4E17D1AF2B3D28650042D287 /* ProfileSideMenuViewController.swift in Sources */,
				4E1037802B3DFACA00FCBBB8 /* Date+Extension.swift in Sources */,
				4E014DE52B3BDA32005DFF65 /* SurveyRepository.swift in Sources */,
				4E1037872B3DFDF800FCBBB8 /* SurveyDetailViewController.swift in Sources */,
				4EFF39B22B38029F0053C98E /* BaseViewController.swift in Sources */,
				4E17D1B92B3D94CB0042D287 /* Commons.swift in Sources */,
				4E014DCD2B39ACA1005DFF65 /* CustomError.swift in Sources */,
				4E014DE02B3BD9C6005DFF65 /* BaseResponse.swift in Sources */,
				4E014DC42B39338D005DFF65 /* LoginResponse.swift in Sources */,
				4E1037842B3DFB9600FCBBB8 /* DateTimeFormat.swift in Sources */,
				4E1037892B3DFE1900FCBBB8 /* SurveyDetailViewModel.swift in Sources */,
				4E17D1B52B3D55130042D287 /* ActivityIndicator.swift in Sources */,
				4E014DCB2B393A5A005DFF65 /* AlamofireClient.swift in Sources */,
				4E014DEA2B3BE2A2005DFF65 /* UserSessionDataStore.swift in Sources */,
				4E17D1BB2B3DE14F0042D287 /* AlamofireRequestInterceptor.swift in Sources */,
				4EFF39C42B3805270053C98E /* LoginViewModel.swift in Sources */,
				4EFF39C92B380FF80053C98E /* CustomTextField.swift in Sources */,
				4E17D1AA2B3CA1260042D287 /* SurveyCollectionViewCell.swift in Sources */,
				4E014DE32B3BDA22005DFF65 /* SurveyRepositoryImpl.swift in Sources */,
				4EFF39BD2B38041E0053C98E /* SplashViewModel.swift in Sources */,
				4E014DC22B39331D005DFF65 /* AuthenicationRepository.swift in Sources */,
				4E014DD82B3BD1E0005DFF65 /* SurveyListViewModel.swift in Sources */,
				4EFF39812B37E0F10053C98E /* AppDelegate.swift in Sources */,
				4EFF39BB2B3804150053C98E /* SplashViewController.swift in Sources */,
				4E014DDA2B3BD630005DFF65 /* Metadata.swift in Sources */,
				4E014DC92B393526005DFF65 /* AuthenicationRepositoryImpl.swift in Sources */,
				4E014DDE2B3BD69E005DFF65 /* Survey.swift in Sources */,
				4E10377E2B3DFA8B00FCBBB8 /* TitleLabel.swift in Sources */,
				4E014DD22B3A89B4005DFF65 /* UIViewController+Extension.swift in Sources */,
				4E014DBE2B393159005DFF65 /* Constants.swift in Sources */,
			);
			runOnlyForDeploymentPostprocessing = 0;
		};
		4EFF398F2B37E0F40053C98E /* Sources */ = {
			isa = PBXSourcesBuildPhase;
			buildActionMask = 2147483647;
			files = (
				4E10378B2B3E8D0800FCBBB8 /* LoginViewModelTests.swift in Sources */,
				4EFF39982B37E0F40053C98E /* nimble_assignmentTests.swift in Sources */,
				4E10378D2B3E98C000FCBBB8 /* MockAuthenicationRepository.swift in Sources */,
			);
			runOnlyForDeploymentPostprocessing = 0;
		};
		4EFF39992B37E0F40053C98E /* Sources */ = {
			isa = PBXSourcesBuildPhase;
			buildActionMask = 2147483647;
			files = (
				4EFF39A42B37E0F40053C98E /* nimble_assignmentUITestsLaunchTests.swift in Sources */,
				4EFF39A22B37E0F40053C98E /* nimble_assignmentUITests.swift in Sources */,
			);
			runOnlyForDeploymentPostprocessing = 0;
		};
/* End PBXSourcesBuildPhase section */

/* Begin PBXTargetDependency section */
		4EFF39952B37E0F40053C98E /* PBXTargetDependency */ = {
			isa = PBXTargetDependency;
			target = 4EFF397C2B37E0F10053C98E /* nimble_assignment */;
			targetProxy = 4EFF39942B37E0F40053C98E /* PBXContainerItemProxy */;
		};
		4EFF399F2B37E0F40053C98E /* PBXTargetDependency */ = {
			isa = PBXTargetDependency;
			target = 4EFF397C2B37E0F10053C98E /* nimble_assignment */;
			targetProxy = 4EFF399E2B37E0F40053C98E /* PBXContainerItemProxy */;
		};
/* End PBXTargetDependency section */

/* Begin PBXVariantGroup section */
		4EFF398B2B37E0F30053C98E /* LaunchScreen.storyboard */ = {
			isa = PBXVariantGroup;
			children = (
				4EFF398C2B37E0F30053C98E /* Base */,
			);
			name = LaunchScreen.storyboard;
			sourceTree = "<group>";
		};
/* End PBXVariantGroup section */

/* Begin XCBuildConfiguration section */
		4EFF39A52B37E0F40053C98E /* Debug */ = {
			isa = XCBuildConfiguration;
			buildSettings = {
				ALWAYS_SEARCH_USER_PATHS = NO;
				CLANG_ANALYZER_NONNULL = YES;
				CLANG_ANALYZER_NUMBER_OBJECT_CONVERSION = YES_AGGRESSIVE;
				CLANG_CXX_LANGUAGE_STANDARD = "gnu++20";
				CLANG_ENABLE_MODULES = YES;
				CLANG_ENABLE_OBJC_ARC = YES;
				CLANG_ENABLE_OBJC_WEAK = YES;
				CLANG_WARN_BLOCK_CAPTURE_AUTORELEASING = YES;
				CLANG_WARN_BOOL_CONVERSION = YES;
				CLANG_WARN_COMMA = YES;
				CLANG_WARN_CONSTANT_CONVERSION = YES;
				CLANG_WARN_DEPRECATED_OBJC_IMPLEMENTATIONS = YES;
				CLANG_WARN_DIRECT_OBJC_ISA_USAGE = YES_ERROR;
				CLANG_WARN_DOCUMENTATION_COMMENTS = YES;
				CLANG_WARN_EMPTY_BODY = YES;
				CLANG_WARN_ENUM_CONVERSION = YES;
				CLANG_WARN_INFINITE_RECURSION = YES;
				CLANG_WARN_INT_CONVERSION = YES;
				CLANG_WARN_NON_LITERAL_NULL_CONVERSION = YES;
				CLANG_WARN_OBJC_IMPLICIT_RETAIN_SELF = YES;
				CLANG_WARN_OBJC_LITERAL_CONVERSION = YES;
				CLANG_WARN_OBJC_ROOT_CLASS = YES_ERROR;
				CLANG_WARN_QUOTED_INCLUDE_IN_FRAMEWORK_HEADER = YES;
				CLANG_WARN_RANGE_LOOP_ANALYSIS = YES;
				CLANG_WARN_STRICT_PROTOTYPES = YES;
				CLANG_WARN_SUSPICIOUS_MOVE = YES;
				CLANG_WARN_UNGUARDED_AVAILABILITY = YES_AGGRESSIVE;
				CLANG_WARN_UNREACHABLE_CODE = YES;
				CLANG_WARN__DUPLICATE_METHOD_MATCH = YES;
				COPY_PHASE_STRIP = NO;
				DEBUG_INFORMATION_FORMAT = dwarf;
				ENABLE_STRICT_OBJC_MSGSEND = YES;
				ENABLE_TESTABILITY = YES;
				GCC_C_LANGUAGE_STANDARD = gnu11;
				GCC_DYNAMIC_NO_PIC = NO;
				GCC_NO_COMMON_BLOCKS = YES;
				GCC_OPTIMIZATION_LEVEL = 0;
				GCC_PREPROCESSOR_DEFINITIONS = (
					"DEBUG=1",
					"$(inherited)",
				);
				GCC_WARN_64_TO_32_BIT_CONVERSION = YES;
				GCC_WARN_ABOUT_RETURN_TYPE = YES_ERROR;
				GCC_WARN_UNDECLARED_SELECTOR = YES;
				GCC_WARN_UNINITIALIZED_AUTOS = YES_AGGRESSIVE;
				GCC_WARN_UNUSED_FUNCTION = YES;
				GCC_WARN_UNUSED_VARIABLE = YES;
				IPHONEOS_DEPLOYMENT_TARGET = 16.2;
				MTL_ENABLE_DEBUG_INFO = INCLUDE_SOURCE;
				MTL_FAST_MATH = YES;
				ONLY_ACTIVE_ARCH = YES;
				SDKROOT = iphoneos;
				SWIFT_ACTIVE_COMPILATION_CONDITIONS = DEBUG;
				SWIFT_OPTIMIZATION_LEVEL = "-Onone";
			};
			name = Debug;
		};
		4EFF39A62B37E0F40053C98E /* Release */ = {
			isa = XCBuildConfiguration;
			buildSettings = {
				ALWAYS_SEARCH_USER_PATHS = NO;
				CLANG_ANALYZER_NONNULL = YES;
				CLANG_ANALYZER_NUMBER_OBJECT_CONVERSION = YES_AGGRESSIVE;
				CLANG_CXX_LANGUAGE_STANDARD = "gnu++20";
				CLANG_ENABLE_MODULES = YES;
				CLANG_ENABLE_OBJC_ARC = YES;
				CLANG_ENABLE_OBJC_WEAK = YES;
				CLANG_WARN_BLOCK_CAPTURE_AUTORELEASING = YES;
				CLANG_WARN_BOOL_CONVERSION = YES;
				CLANG_WARN_COMMA = YES;
				CLANG_WARN_CONSTANT_CONVERSION = YES;
				CLANG_WARN_DEPRECATED_OBJC_IMPLEMENTATIONS = YES;
				CLANG_WARN_DIRECT_OBJC_ISA_USAGE = YES_ERROR;
				CLANG_WARN_DOCUMENTATION_COMMENTS = YES;
				CLANG_WARN_EMPTY_BODY = YES;
				CLANG_WARN_ENUM_CONVERSION = YES;
				CLANG_WARN_INFINITE_RECURSION = YES;
				CLANG_WARN_INT_CONVERSION = YES;
				CLANG_WARN_NON_LITERAL_NULL_CONVERSION = YES;
				CLANG_WARN_OBJC_IMPLICIT_RETAIN_SELF = YES;
				CLANG_WARN_OBJC_LITERAL_CONVERSION = YES;
				CLANG_WARN_OBJC_ROOT_CLASS = YES_ERROR;
				CLANG_WARN_QUOTED_INCLUDE_IN_FRAMEWORK_HEADER = YES;
				CLANG_WARN_RANGE_LOOP_ANALYSIS = YES;
				CLANG_WARN_STRICT_PROTOTYPES = YES;
				CLANG_WARN_SUSPICIOUS_MOVE = YES;
				CLANG_WARN_UNGUARDED_AVAILABILITY = YES_AGGRESSIVE;
				CLANG_WARN_UNREACHABLE_CODE = YES;
				CLANG_WARN__DUPLICATE_METHOD_MATCH = YES;
				COPY_PHASE_STRIP = NO;
				DEBUG_INFORMATION_FORMAT = "dwarf-with-dsym";
				ENABLE_NS_ASSERTIONS = NO;
				ENABLE_STRICT_OBJC_MSGSEND = YES;
				GCC_C_LANGUAGE_STANDARD = gnu11;
				GCC_NO_COMMON_BLOCKS = YES;
				GCC_WARN_64_TO_32_BIT_CONVERSION = YES;
				GCC_WARN_ABOUT_RETURN_TYPE = YES_ERROR;
				GCC_WARN_UNDECLARED_SELECTOR = YES;
				GCC_WARN_UNINITIALIZED_AUTOS = YES_AGGRESSIVE;
				GCC_WARN_UNUSED_FUNCTION = YES;
				GCC_WARN_UNUSED_VARIABLE = YES;
				IPHONEOS_DEPLOYMENT_TARGET = 16.2;
				MTL_ENABLE_DEBUG_INFO = NO;
				MTL_FAST_MATH = YES;
				SDKROOT = iphoneos;
				SWIFT_COMPILATION_MODE = wholemodule;
				SWIFT_OPTIMIZATION_LEVEL = "-O";
				VALIDATE_PRODUCT = YES;
			};
			name = Release;
		};
		4EFF39A82B37E0F40053C98E /* Debug */ = {
			isa = XCBuildConfiguration;
			baseConfigurationReference = 567FDC266CF54A67B9638613 /* Pods-nimble_assignment.debug.xcconfig */;
			buildSettings = {
				ASSETCATALOG_COMPILER_APPICON_NAME = AppIcon;
				ASSETCATALOG_COMPILER_GLOBAL_ACCENT_COLOR_NAME = AccentColor;
				CODE_SIGN_STYLE = Automatic;
				CURRENT_PROJECT_VERSION = 1;
				DEVELOPMENT_TEAM = 2L86BZPCC6;
				GENERATE_INFOPLIST_FILE = YES;
				INFOPLIST_FILE = nimble_assignment/Info.plist;
				INFOPLIST_KEY_UIApplicationSupportsIndirectInputEvents = YES;
				INFOPLIST_KEY_UILaunchStoryboardName = LaunchScreen.storyboard;
				INFOPLIST_KEY_UIMainStoryboardFile = "";
				INFOPLIST_KEY_UISupportedInterfaceOrientations_iPad = "UIInterfaceOrientationPortrait UIInterfaceOrientationPortraitUpsideDown UIInterfaceOrientationLandscapeLeft UIInterfaceOrientationLandscapeRight";
				INFOPLIST_KEY_UISupportedInterfaceOrientations_iPhone = "UIInterfaceOrientationPortrait UIInterfaceOrientationLandscapeLeft UIInterfaceOrientationLandscapeRight";
				LD_RUNPATH_SEARCH_PATHS = (
					"$(inherited)",
					"@executable_path/Frameworks",
				);
				MARKETING_VERSION = 1.0;
				PRODUCT_BUNDLE_IDENTIFIER = "com.appetiser.assignment.nimble-assignment";
				PRODUCT_NAME = "$(TARGET_NAME)";
				SWIFT_EMIT_LOC_STRINGS = YES;
				SWIFT_VERSION = 5.0;
				TARGETED_DEVICE_FAMILY = "1,2";
			};
			name = Debug;
		};
		4EFF39A92B37E0F40053C98E /* Release */ = {
			isa = XCBuildConfiguration;
			baseConfigurationReference = F3526F1F26EA201A36158C1E /* Pods-nimble_assignment.release.xcconfig */;
			buildSettings = {
				ASSETCATALOG_COMPILER_APPICON_NAME = AppIcon;
				ASSETCATALOG_COMPILER_GLOBAL_ACCENT_COLOR_NAME = AccentColor;
				CODE_SIGN_STYLE = Automatic;
				CURRENT_PROJECT_VERSION = 1;
				DEVELOPMENT_TEAM = 2L86BZPCC6;
				GENERATE_INFOPLIST_FILE = YES;
				INFOPLIST_FILE = nimble_assignment/Info.plist;
				INFOPLIST_KEY_UIApplicationSupportsIndirectInputEvents = YES;
				INFOPLIST_KEY_UILaunchStoryboardName = LaunchScreen.storyboard;
				INFOPLIST_KEY_UIMainStoryboardFile = "";
				INFOPLIST_KEY_UISupportedInterfaceOrientations_iPad = "UIInterfaceOrientationPortrait UIInterfaceOrientationPortraitUpsideDown UIInterfaceOrientationLandscapeLeft UIInterfaceOrientationLandscapeRight";
				INFOPLIST_KEY_UISupportedInterfaceOrientations_iPhone = "UIInterfaceOrientationPortrait UIInterfaceOrientationLandscapeLeft UIInterfaceOrientationLandscapeRight";
				LD_RUNPATH_SEARCH_PATHS = (
					"$(inherited)",
					"@executable_path/Frameworks",
				);
				MARKETING_VERSION = 1.0;
				PRODUCT_BUNDLE_IDENTIFIER = "com.appetiser.assignment.nimble-assignment";
				PRODUCT_NAME = "$(TARGET_NAME)";
				SWIFT_EMIT_LOC_STRINGS = YES;
				SWIFT_VERSION = 5.0;
				TARGETED_DEVICE_FAMILY = "1,2";
			};
			name = Release;
		};
		4EFF39AB2B37E0F40053C98E /* Debug */ = {
			isa = XCBuildConfiguration;
			baseConfigurationReference = 031910EB5171F7275CF570E8 /* Pods-nimble_assignmentTests.debug.xcconfig */;
			buildSettings = {
				ALWAYS_EMBED_SWIFT_STANDARD_LIBRARIES = YES;
				BUNDLE_LOADER = "$(TEST_HOST)";
				CODE_SIGN_STYLE = Automatic;
				CURRENT_PROJECT_VERSION = 1;
				DEVELOPMENT_TEAM = 2L86BZPCC6;
				GENERATE_INFOPLIST_FILE = YES;
				IPHONEOS_DEPLOYMENT_TARGET = 16.2;
				MARKETING_VERSION = 1.0;
				PRODUCT_BUNDLE_IDENTIFIER = "com.appetiser.assignment.nimble-assignmentTests";
				PRODUCT_NAME = "$(TARGET_NAME)";
				SWIFT_EMIT_LOC_STRINGS = NO;
				SWIFT_VERSION = 5.0;
				TARGETED_DEVICE_FAMILY = "1,2";
				TEST_HOST = "$(BUILT_PRODUCTS_DIR)/nimble_assignment.app/$(BUNDLE_EXECUTABLE_FOLDER_PATH)/nimble_assignment";
			};
			name = Debug;
		};
		4EFF39AC2B37E0F40053C98E /* Release */ = {
			isa = XCBuildConfiguration;
			baseConfigurationReference = 4CB5843F3A8053BF47AE66F2 /* Pods-nimble_assignmentTests.release.xcconfig */;
			buildSettings = {
				ALWAYS_EMBED_SWIFT_STANDARD_LIBRARIES = YES;
				BUNDLE_LOADER = "$(TEST_HOST)";
				CODE_SIGN_STYLE = Automatic;
				CURRENT_PROJECT_VERSION = 1;
				DEVELOPMENT_TEAM = 2L86BZPCC6;
				GENERATE_INFOPLIST_FILE = YES;
				IPHONEOS_DEPLOYMENT_TARGET = 16.2;
				MARKETING_VERSION = 1.0;
				PRODUCT_BUNDLE_IDENTIFIER = "com.appetiser.assignment.nimble-assignmentTests";
				PRODUCT_NAME = "$(TARGET_NAME)";
				SWIFT_EMIT_LOC_STRINGS = NO;
				SWIFT_VERSION = 5.0;
				TARGETED_DEVICE_FAMILY = "1,2";
				TEST_HOST = "$(BUILT_PRODUCTS_DIR)/nimble_assignment.app/$(BUNDLE_EXECUTABLE_FOLDER_PATH)/nimble_assignment";
			};
			name = Release;
		};
		4EFF39AE2B37E0F40053C98E /* Debug */ = {
			isa = XCBuildConfiguration;
			baseConfigurationReference = 83136E81CB9D0ECC9C8A2828 /* Pods-nimble_assignment-nimble_assignmentUITests.debug.xcconfig */;
			buildSettings = {
				ALWAYS_EMBED_SWIFT_STANDARD_LIBRARIES = YES;
				CODE_SIGN_STYLE = Automatic;
				CURRENT_PROJECT_VERSION = 1;
				DEVELOPMENT_TEAM = 2L86BZPCC6;
				GENERATE_INFOPLIST_FILE = YES;
				MARKETING_VERSION = 1.0;
				PRODUCT_BUNDLE_IDENTIFIER = "com.appetiser.assignment.nimble-assignmentUITests";
				PRODUCT_NAME = "$(TARGET_NAME)";
				SWIFT_EMIT_LOC_STRINGS = NO;
				SWIFT_VERSION = 5.0;
				TARGETED_DEVICE_FAMILY = "1,2";
				TEST_TARGET_NAME = nimble_assignment;
			};
			name = Debug;
		};
		4EFF39AF2B37E0F40053C98E /* Release */ = {
			isa = XCBuildConfiguration;
			baseConfigurationReference = 29AA58A6C2F457E76E63B5DF /* Pods-nimble_assignment-nimble_assignmentUITests.release.xcconfig */;
			buildSettings = {
				ALWAYS_EMBED_SWIFT_STANDARD_LIBRARIES = YES;
				CODE_SIGN_STYLE = Automatic;
				CURRENT_PROJECT_VERSION = 1;
				DEVELOPMENT_TEAM = 2L86BZPCC6;
				GENERATE_INFOPLIST_FILE = YES;
				MARKETING_VERSION = 1.0;
				PRODUCT_BUNDLE_IDENTIFIER = "com.appetiser.assignment.nimble-assignmentUITests";
				PRODUCT_NAME = "$(TARGET_NAME)";
				SWIFT_EMIT_LOC_STRINGS = NO;
				SWIFT_VERSION = 5.0;
				TARGETED_DEVICE_FAMILY = "1,2";
				TEST_TARGET_NAME = nimble_assignment;
			};
			name = Release;
		};
/* End XCBuildConfiguration section */

/* Begin XCConfigurationList section */
		4EFF39782B37E0F10053C98E /* Build configuration list for PBXProject "nimble_assignment" */ = {
			isa = XCConfigurationList;
			buildConfigurations = (
				4EFF39A52B37E0F40053C98E /* Debug */,
				4EFF39A62B37E0F40053C98E /* Release */,
			);
			defaultConfigurationIsVisible = 0;
			defaultConfigurationName = Release;
		};
		4EFF39A72B37E0F40053C98E /* Build configuration list for PBXNativeTarget "nimble_assignment" */ = {
			isa = XCConfigurationList;
			buildConfigurations = (
				4EFF39A82B37E0F40053C98E /* Debug */,
				4EFF39A92B37E0F40053C98E /* Release */,
			);
			defaultConfigurationIsVisible = 0;
			defaultConfigurationName = Release;
		};
		4EFF39AA2B37E0F40053C98E /* Build configuration list for PBXNativeTarget "nimble_assignmentTests" */ = {
			isa = XCConfigurationList;
			buildConfigurations = (
				4EFF39AB2B37E0F40053C98E /* Debug */,
				4EFF39AC2B37E0F40053C98E /* Release */,
			);
			defaultConfigurationIsVisible = 0;
			defaultConfigurationName = Release;
		};
		4EFF39AD2B37E0F40053C98E /* Build configuration list for PBXNativeTarget "nimble_assignmentUITests" */ = {
			isa = XCConfigurationList;
			buildConfigurations = (
				4EFF39AE2B37E0F40053C98E /* Debug */,
				4EFF39AF2B37E0F40053C98E /* Release */,
			);
			defaultConfigurationIsVisible = 0;
			defaultConfigurationName = Release;
		};
/* End XCConfigurationList section */
	};
	rootObject = 4EFF39752B37E0F10053C98E /* Project object */;
}
